
Microsoft Visual Studio Solution File, Format Version 12.00
# Visual Studio Version 16
VisualStudioVersion = 16.0.28705.295
MinimumVisualStudioVersion = 10.0.40219.1
Project("{9A19103F-16F7-4668-BE54-9A1E7A4F7556}") = "SimdJsonSharp.Tests", "tests\SimdJsonSharp.Tests.csproj", "{F9759A8C-96A7-4012-8EB6-3F34E89859B3}"
EndProject
Project("{9A19103F-16F7-4668-BE54-9A1E7A4F7556}") = "HelloWorld", "samples\HelloWorld\HelloWorld.csproj", "{E85B732E-8A68-4C53-82D2-8F4319A14BB9}"
EndProject
Project("{2150E333-8FDC-42A3-9474-1A3956D46DE8}") = "src", "src", "{6DD8E0E9-0838-4299-B9B0-E0B75830CCF0}"
EndProject
Project("{2150E333-8FDC-42A3-9474-1A3956D46DE8}") = "samples", "samples", "{0EA09D21-043B-437C-83B5-B400D68DFBE0}"
EndProject
Project("{2150E333-8FDC-42A3-9474-1A3956D46DE8}") = "tests", "tests", "{96B2940D-00A0-488F-B4F4-3936C689C2E2}"
EndProject
Project("{9A19103F-16F7-4668-BE54-9A1E7A4F7556}") = "SimdJsonSharp.Managed", "src\FullyManagedImpl\SimdJsonSharp.Managed.csproj", "{835E9AEC-18FF-4FBB-89F5-0B1AB8A90E4F}"
EndProject
Project("{2150E333-8FDC-42A3-9474-1A3956D46DE8}") = "benchmarks", "benchmarks", "{53CBE9B1-22D6-4D6F-A78A-0D6FBA9ED000}"
EndProject
Project("{9A19103F-16F7-4668-BE54-9A1E7A4F7556}") = "Benchmarks", "benchmarks\Benchmarks.csproj", "{5783067E-D420-462E-943C-4CBA2D74121C}"
EndProject
Project("{9A19103F-16F7-4668-BE54-9A1E7A4F7556}") = "MinifyJson", "samples\MinifyJson\MinifyJson.csproj", "{D795C37F-D8D3-4B29-ADBA-548C6711D69B}"
EndProject
Project("{2150E333-8FDC-42A3-9474-1A3956D46DE8}") = "1. FullyManaged", "1. FullyManaged", "{3050B7C6-A744-4FAC-925C-75DAB2FFD1C3}"
EndProject
Project("{2150E333-8FDC-42A3-9474-1A3956D46DE8}") = "2. BindingsForNativeLib", "2. BindingsForNativeLib", "{5668BADB-B2CF-4E1A-A885-DC10B11D26B2}"
EndProject
Project("{8BC9CEB8-8B4A-11D0-8D11-00A0C91BC942}") = "SimdJsonNative", "src\BindingsForNativeLib\SimdJsonNative\SimdJsonNative.vcxproj", "{B688E099-77FF-46D9-B61B-5C6D718DDBFB}"
EndProject
Project("{9A19103F-16F7-4668-BE54-9A1E7A4F7556}") = "SimdJsonSharp.Bindings", "src\BindingsForNativeLib\SimdJsonSharp.Bindings\SimdJsonSharp.Bindings.csproj", "{399AA870-D18B-40BB-AAB2-4DFDDB7B8DE6}"
EndProject
Project("{9A19103F-16F7-4668-BE54-9A1E7A4F7556}") = "BindingsGenerator", "src\BindingsForNativeLib\BindingsGenerator\BindingsGenerator.csproj", "{F6024B33-8886-47AD-A504-24879BFC0A42}"
EndProject
Global
	GlobalSection(SolutionConfigurationPlatforms) = preSolution
		Debug|Any CPU = Debug|Any CPU
		Debug|x64 = Debug|x64
		Debug|x86 = Debug|x86
		Release|Any CPU = Release|Any CPU
		Release|x64 = Release|x64
		Release|x86 = Release|x86
	EndGlobalSection
	GlobalSection(ProjectConfigurationPlatforms) = postSolution
		{F9759A8C-96A7-4012-8EB6-3F34E89859B3}.Debug|Any CPU.ActiveCfg = Debug|Any CPU
		{F9759A8C-96A7-4012-8EB6-3F34E89859B3}.Debug|Any CPU.Build.0 = Debug|Any CPU
		{F9759A8C-96A7-4012-8EB6-3F34E89859B3}.Debug|x64.ActiveCfg = Debug|Any CPU
		{F9759A8C-96A7-4012-8EB6-3F34E89859B3}.Debug|x64.Build.0 = Debug|Any CPU
		{F9759A8C-96A7-4012-8EB6-3F34E89859B3}.Debug|x86.ActiveCfg = Debug|Any CPU
		{F9759A8C-96A7-4012-8EB6-3F34E89859B3}.Debug|x86.Build.0 = Debug|Any CPU
		{F9759A8C-96A7-4012-8EB6-3F34E89859B3}.Release|Any CPU.ActiveCfg = Release|Any CPU
		{F9759A8C-96A7-4012-8EB6-3F34E89859B3}.Release|Any CPU.Build.0 = Release|Any CPU
		{F9759A8C-96A7-4012-8EB6-3F34E89859B3}.Release|x64.ActiveCfg = Release|Any CPU
		{F9759A8C-96A7-4012-8EB6-3F34E89859B3}.Release|x64.Build.0 = Release|Any CPU
		{F9759A8C-96A7-4012-8EB6-3F34E89859B3}.Release|x86.ActiveCfg = Release|Any CPU
		{F9759A8C-96A7-4012-8EB6-3F34E89859B3}.Release|x86.Build.0 = Release|Any CPU
		{E85B732E-8A68-4C53-82D2-8F4319A14BB9}.Debug|Any CPU.ActiveCfg = Debug|Any CPU
		{E85B732E-8A68-4C53-82D2-8F4319A14BB9}.Debug|Any CPU.Build.0 = Debug|Any CPU
		{E85B732E-8A68-4C53-82D2-8F4319A14BB9}.Debug|x64.ActiveCfg = Debug|Any CPU
		{E85B732E-8A68-4C53-82D2-8F4319A14BB9}.Debug|x64.Build.0 = Debug|Any CPU
		{E85B732E-8A68-4C53-82D2-8F4319A14BB9}.Debug|x86.ActiveCfg = Debug|Any CPU
		{E85B732E-8A68-4C53-82D2-8F4319A14BB9}.Debug|x86.Build.0 = Debug|Any CPU
		{E85B732E-8A68-4C53-82D2-8F4319A14BB9}.Release|Any CPU.ActiveCfg = Release|Any CPU
		{E85B732E-8A68-4C53-82D2-8F4319A14BB9}.Release|Any CPU.Build.0 = Release|Any CPU
		{E85B732E-8A68-4C53-82D2-8F4319A14BB9}.Release|x64.ActiveCfg = Release|Any CPU
		{E85B732E-8A68-4C53-82D2-8F4319A14BB9}.Release|x64.Build.0 = Release|Any CPU
		{E85B732E-8A68-4C53-82D2-8F4319A14BB9}.Release|x86.ActiveCfg = Release|Any CPU
		{E85B732E-8A68-4C53-82D2-8F4319A14BB9}.Release|x86.Build.0 = Release|Any CPU
		{835E9AEC-18FF-4FBB-89F5-0B1AB8A90E4F}.Debug|Any CPU.ActiveCfg = Debug|Any CPU
		{835E9AEC-18FF-4FBB-89F5-0B1AB8A90E4F}.Debug|Any CPU.Build.0 = Debug|Any CPU
		{835E9AEC-18FF-4FBB-89F5-0B1AB8A90E4F}.Debug|x64.ActiveCfg = Debug|Any CPU
		{835E9AEC-18FF-4FBB-89F5-0B1AB8A90E4F}.Debug|x64.Build.0 = Debug|Any CPU
		{835E9AEC-18FF-4FBB-89F5-0B1AB8A90E4F}.Debug|x86.ActiveCfg = Debug|Any CPU
		{835E9AEC-18FF-4FBB-89F5-0B1AB8A90E4F}.Debug|x86.Build.0 = Debug|Any CPU
		{835E9AEC-18FF-4FBB-89F5-0B1AB8A90E4F}.Release|Any CPU.ActiveCfg = Release|Any CPU
		{835E9AEC-18FF-4FBB-89F5-0B1AB8A90E4F}.Release|Any CPU.Build.0 = Release|Any CPU
		{835E9AEC-18FF-4FBB-89F5-0B1AB8A90E4F}.Release|x64.ActiveCfg = Release|Any CPU
		{835E9AEC-18FF-4FBB-89F5-0B1AB8A90E4F}.Release|x64.Build.0 = Release|Any CPU
		{835E9AEC-18FF-4FBB-89F5-0B1AB8A90E4F}.Release|x86.ActiveCfg = Release|Any CPU
		{835E9AEC-18FF-4FBB-89F5-0B1AB8A90E4F}.Release|x86.Build.0 = Release|Any CPU
		{5783067E-D420-462E-943C-4CBA2D74121C}.Debug|Any CPU.ActiveCfg = Debug|Any CPU
		{5783067E-D420-462E-943C-4CBA2D74121C}.Debug|Any CPU.Build.0 = Debug|Any CPU
		{5783067E-D420-462E-943C-4CBA2D74121C}.Debug|x64.ActiveCfg = Debug|Any CPU
		{5783067E-D420-462E-943C-4CBA2D74121C}.Debug|x64.Build.0 = Debug|Any CPU
		{5783067E-D420-462E-943C-4CBA2D74121C}.Debug|x86.ActiveCfg = Debug|Any CPU
		{5783067E-D420-462E-943C-4CBA2D74121C}.Debug|x86.Build.0 = Debug|Any CPU
		{5783067E-D420-462E-943C-4CBA2D74121C}.Release|Any CPU.ActiveCfg = Release|Any CPU
		{5783067E-D420-462E-943C-4CBA2D74121C}.Release|Any CPU.Build.0 = Release|Any CPU
		{5783067E-D420-462E-943C-4CBA2D74121C}.Release|x64.ActiveCfg = Release|Any CPU
		{5783067E-D420-462E-943C-4CBA2D74121C}.Release|x64.Build.0 = Release|Any CPU
		{5783067E-D420-462E-943C-4CBA2D74121C}.Release|x86.ActiveCfg = Release|Any CPU
		{5783067E-D420-462E-943C-4CBA2D74121C}.Release|x86.Build.0 = Release|Any CPU
		{D795C37F-D8D3-4B29-ADBA-548C6711D69B}.Debug|Any CPU.ActiveCfg = Debug|Any CPU
		{D795C37F-D8D3-4B29-ADBA-548C6711D69B}.Debug|Any CPU.Build.0 = Debug|Any CPU
		{D795C37F-D8D3-4B29-ADBA-548C6711D69B}.Debug|x64.ActiveCfg = Debug|Any CPU
		{D795C37F-D8D3-4B29-ADBA-548C6711D69B}.Debug|x64.Build.0 = Debug|Any CPU
		{D795C37F-D8D3-4B29-ADBA-548C6711D69B}.Debug|x86.ActiveCfg = Debug|Any CPU
		{D795C37F-D8D3-4B29-ADBA-548C6711D69B}.Debug|x86.Build.0 = Debug|Any CPU
		{D795C37F-D8D3-4B29-ADBA-548C6711D69B}.Release|Any CPU.ActiveCfg = Release|Any CPU
		{D795C37F-D8D3-4B29-ADBA-548C6711D69B}.Release|Any CPU.Build.0 = Release|Any CPU
		{D795C37F-D8D3-4B29-ADBA-548C6711D69B}.Release|x64.ActiveCfg = Release|Any CPU
		{D795C37F-D8D3-4B29-ADBA-548C6711D69B}.Release|x64.Build.0 = Release|Any CPU
		{D795C37F-D8D3-4B29-ADBA-548C6711D69B}.Release|x86.ActiveCfg = Release|Any CPU
		{D795C37F-D8D3-4B29-ADBA-548C6711D69B}.Release|x86.Build.0 = Release|Any CPU
		{B688E099-77FF-46D9-B61B-5C6D718DDBFB}.Debug|Any CPU.ActiveCfg = Debug|x64
		{B688E099-77FF-46D9-B61B-5C6D718DDBFB}.Debug|Any CPU.Build.0 = Debug|x64
		{B688E099-77FF-46D9-B61B-5C6D718DDBFB}.Debug|x64.ActiveCfg = Debug|x64
		{B688E099-77FF-46D9-B61B-5C6D718DDBFB}.Debug|x64.Build.0 = Debug|x64
		{B688E099-77FF-46D9-B61B-5C6D718DDBFB}.Debug|x86.ActiveCfg = Debug|Win32
		{B688E099-77FF-46D9-B61B-5C6D718DDBFB}.Debug|x86.Build.0 = Debug|Win32
		{B688E099-77FF-46D9-B61B-5C6D718DDBFB}.Release|Any CPU.ActiveCfg = Release|Win32
		{B688E099-77FF-46D9-B61B-5C6D718DDBFB}.Release|x64.ActiveCfg = Release|x64
		{B688E099-77FF-46D9-B61B-5C6D718DDBFB}.Release|x64.Build.0 = Release|x64
		{B688E099-77FF-46D9-B61B-5C6D718DDBFB}.Release|x86.ActiveCfg = Release|Win32
		{B688E099-77FF-46D9-B61B-5C6D718DDBFB}.Release|x86.Build.0 = Release|Win32
		{399AA870-D18B-40BB-AAB2-4DFDDB7B8DE6}.Debug|Any CPU.ActiveCfg = Debug|Any CPU
		{399AA870-D18B-40BB-AAB2-4DFDDB7B8DE6}.Debug|Any CPU.Build.0 = Debug|Any CPU
		{399AA870-D18B-40BB-AAB2-4DFDDB7B8DE6}.Debug|x64.ActiveCfg = Debug|Any CPU
		{399AA870-D18B-40BB-AAB2-4DFDDB7B8DE6}.Debug|x64.Build.0 = Debug|Any CPU
		{399AA870-D18B-40BB-AAB2-4DFDDB7B8DE6}.Debug|x86.ActiveCfg = Debug|Any CPU
		{399AA870-D18B-40BB-AAB2-4DFDDB7B8DE6}.Debug|x86.Build.0 = Debug|Any CPU
		{399AA870-D18B-40BB-AAB2-4DFDDB7B8DE6}.Release|Any CPU.ActiveCfg = Release|Any CPU
		{399AA870-D18B-40BB-AAB2-4DFDDB7B8DE6}.Release|Any CPU.Build.0 = Release|Any CPU
		{399AA870-D18B-40BB-AAB2-4DFDDB7B8DE6}.Release|x64.ActiveCfg = Release|Any CPU
		{399AA870-D18B-40BB-AAB2-4DFDDB7B8DE6}.Release|x64.Build.0 = Release|Any CPU
		{399AA870-D18B-40BB-AAB2-4DFDDB7B8DE6}.Release|x86.ActiveCfg = Release|Any CPU
		{399AA870-D18B-40BB-AAB2-4DFDDB7B8DE6}.Release|x86.Build.0 = Release|Any CPU
		{F6024B33-8886-47AD-A504-24879BFC0A42}.Debug|Any CPU.ActiveCfg = Debug|Any CPU
		{F6024B33-8886-47AD-A504-24879BFC0A42}.Debug|Any CPU.Build.0 = Debug|Any CPU
		{F6024B33-8886-47AD-A504-24879BFC0A42}.Debug|x64.ActiveCfg = Debug|Any CPU
		{F6024B33-8886-47AD-A504-24879BFC0A42}.Debug|x64.Build.0 = Debug|Any CPU
		{F6024B33-8886-47AD-A504-24879BFC0A42}.Debug|x86.ActiveCfg = Debug|Any CPU
		{F6024B33-8886-47AD-A504-24879BFC0A42}.Debug|x86.Build.0 = Debug|Any CPU
		{F6024B33-8886-47AD-A504-24879BFC0A42}.Release|Any CPU.ActiveCfg = Release|Any CPU
		{F6024B33-8886-47AD-A504-24879BFC0A42}.Release|Any CPU.Build.0 = Release|Any CPU
		{F6024B33-8886-47AD-A504-24879BFC0A42}.Release|x64.ActiveCfg = Release|Any CPU
		{F6024B33-8886-47AD-A504-24879BFC0A42}.Release|x64.Build.0 = Release|Any CPU
		{F6024B33-8886-47AD-A504-24879BFC0A42}.Release|x86.ActiveCfg = Release|Any CPU
		{F6024B33-8886-47AD-A504-24879BFC0A42}.Release|x86.Build.0 = Release|Any CPU
	EndGlobalSection
	GlobalSection(SolutionProperties) = preSolution
		HideSolutionNode = FALSE
	EndGlobalSection
	GlobalSection(NestedProjects) = preSolution
		{F9759A8C-96A7-4012-8EB6-3F34E89859B3} = {96B2940D-00A0-488F-B4F4-3936C689C2E2}
		{E85B732E-8A68-4C53-82D2-8F4319A14BB9} = {0EA09D21-043B-437C-83B5-B400D68DFBE0}
		{835E9AEC-18FF-4FBB-89F5-0B1AB8A90E4F} = {3050B7C6-A744-4FAC-925C-75DAB2FFD1C3}
		{5783067E-D420-462E-943C-4CBA2D74121C} = {53CBE9B1-22D6-4D6F-A78A-0D6FBA9ED000}
		{D795C37F-D8D3-4B29-ADBA-548C6711D69B} = {0EA09D21-043B-437C-83B5-B400D68DFBE0}
		{3050B7C6-A744-4FAC-925C-75DAB2FFD1C3} = {6DD8E0E9-0838-4299-B9B0-E0B75830CCF0}
		{5668BADB-B2CF-4E1A-A885-DC10B11D26B2} = {6DD8E0E9-0838-4299-B9B0-E0B75830CCF0}
		{B688E099-77FF-46D9-B61B-5C6D718DDBFB} = {5668BADB-B2CF-4E1A-A885-DC10B11D26B2}
		{399AA870-D18B-40BB-AAB2-4DFDDB7B8DE6} = {5668BADB-B2CF-4E1A-A885-DC10B11D26B2}
		{F6024B33-8886-47AD-A504-24879BFC0A42} = {5668BADB-B2CF-4E1A-A885-DC10B11D26B2}
	EndGlobalSection
	GlobalSection(ExtensibilityGlobals) = postSolution
		SolutionGuid = {1154050C-AA23-4D3A-80C0-923978F0E163}
	EndGlobalSection
EndGlobal
